# THIS IS AN AUTOGENERATED FILE. DO NOT EDIT THIS FILE DIRECTLY.
# yarn lockfile v1


"@sentry/browser@4.5.3":
  version "4.5.3"
  resolved "https://registry.yarnpkg.com/@sentry/browser/-/browser-4.5.3.tgz#69744d13b01c490f366cbf2676790624b9f7c0a0"
  dependencies:
    "@sentry/core" "4.5.3"
    "@sentry/types" "4.5.3"
    "@sentry/utils" "4.5.3"
    tslib "^1.9.3"

"@sentry/core@4.5.3":
  version "4.5.3"
  resolved "https://registry.yarnpkg.com/@sentry/core/-/core-4.5.3.tgz#e55a42c694deec903aec2479e4a282d5a7a43878"
  dependencies:
    "@sentry/hub" "4.5.3"
    "@sentry/minimal" "4.5.3"
    "@sentry/types" "4.5.3"
    "@sentry/utils" "4.5.3"
    tslib "^1.9.3"

"@sentry/hub@4.5.3":
  version "4.5.3"
  resolved "https://registry.yarnpkg.com/@sentry/hub/-/hub-4.5.3.tgz#54ce5988ac6dedbe9bba99e2c00f8f26eb677dfe"
  dependencies:
    "@sentry/types" "4.5.3"
    "@sentry/utils" "4.5.3"
    tslib "^1.9.3"

"@sentry/minimal@4.5.3":
  version "4.5.3"
  resolved "https://registry.yarnpkg.com/@sentry/minimal/-/minimal-4.5.3.tgz#7b69481df2d61e4b935d067be62a52824190f616"
  dependencies:
    "@sentry/hub" "4.5.3"
    "@sentry/types" "4.5.3"
    tslib "^1.9.3"

"@sentry/types@4.5.3":
  version "4.5.3"
  resolved "https://registry.yarnpkg.com/@sentry/types/-/types-4.5.3.tgz#3350dce2b7f9b936a8c327891c12e3aef7bd8852"

"@sentry/utils@4.5.3":
  version "4.5.3"
  resolved "https://registry.yarnpkg.com/@sentry/utils/-/utils-4.5.3.tgz#6893fca9fde230b230360779362752e9b5570852"
  dependencies:
    "@sentry/types" "4.5.3"
    tslib "^1.9.3"

tslib@^1.9.3:
  version "1.9.3"
  resolved "https://registry.yarnpkg.com/tslib/-/tslib-1.9.3.tgz#d7e4dd79245d85428c4d7e4822a79917954ca286"
