# THIS IS AN AUTOGENERATED FILE. DO NOT EDIT THIS FILE DIRECTLY.
# yarn lockfile v1


"@sentry/browser@5.29.1":
  version "5.29.1"
  resolved "https://registry.yarnpkg.com/@sentry/browser/-/browser-5.29.1.tgz#f05f8da562dd54bc0fafac6235817e3a3b76d3b7"
  integrity sha512-cVlXoQBJ64eNNkQuOB+bS6sK5KWV+Fw+ZYxT+XqjpeXkOPaxh8aeoi9CHz2DsFfbLV91P4AnXZEUdDl+7ktQNg==
  dependencies:
    "@sentry/core" "5.29.1"
    "@sentry/types" "5.29.1"
    "@sentry/utils" "5.29.1"
    tslib "^1.9.3"

"@sentry/core@5.29.1":
  version "5.29.1"
  resolved "https://registry.yarnpkg.com/@sentry/core/-/core-5.29.1.tgz#c56cfb6747005413d194f4cfe9a5bbdf5d5e377f"
  integrity sha512-SMybIx9IlswkJ7a61ez/zjdiMdAo51Adpo4nVrzke2k84U/t726/EbJj0FJ4vVgsGdLCvSSZ6v7BQlINcwWupg==
  dependencies:
    "@sentry/hub" "5.29.1"
    "@sentry/minimal" "5.29.1"
    "@sentry/types" "5.29.1"
    "@sentry/utils" "5.29.1"
    tslib "^1.9.3"

"@sentry/hub@5.29.1":
  version "5.29.1"
  resolved "https://registry.yarnpkg.com/@sentry/hub/-/hub-5.29.1.tgz#64c738af308c909fe8fcf7c5da9e0685343385bb"
  integrity sha512-Ig/vqCiJcsnGaWajkWRFH+5IKeo50ZtsjM0zJb8IfTadLjQuF/gTQst0aXO3l6q4HzveeGsELY8jlm6WVcq9Aw==
  dependencies:
    "@sentry/types" "5.29.1"
    "@sentry/utils" "5.29.1"
    tslib "^1.9.3"

"@sentry/minimal@5.29.1":
  version "5.29.1"
  resolved "https://registry.yarnpkg.com/@sentry/minimal/-/minimal-5.29.1.tgz#0f1eab0eccc9d38cb0ff3b17b81dbf9c909cd383"
  integrity sha512-lAa3+Duxum1qQvR0tKiBUsH6Ehit3g/vO53SqBib7YK3qdvIUWHacmkJvfz/AeSvVnpJ9bsBMCVRJNSVe8BPVA==
  dependencies:
    "@sentry/hub" "5.29.1"
    "@sentry/types" "5.29.1"
    tslib "^1.9.3"

"@sentry/types@5.29.1":
  version "5.29.1"
  resolved "https://registry.yarnpkg.com/@sentry/types/-/types-5.29.1.tgz#ecc65909ac72d4f8024e26a64129e09d14a0a67f"
  integrity sha512-QXZBA1gJheMYTGFV+UUhr3+jKpGZqPx8kEJABs8htlKabCDJlEeoFNmeqPuVxCxukoy5ZaaHACoE+2Z87T0g2A==

"@sentry/utils@5.29.1":
  version "5.29.1"
  resolved "https://registry.yarnpkg.com/@sentry/utils/-/utils-5.29.1.tgz#889498950f6bde8ce054186096a3c95c0afb0fe4"
  integrity sha512-FOhWxASvIQREAlSuWf3Vmb4uIkG0fmRdHkULpuv5dFmrMX2PpudYAppQtS8K9V4BYxFy6KFdUht1Qz5zYTecMw==
  dependencies:
    "@sentry/types" "5.29.1"
    tslib "^1.9.3"

tslib@^1.9.3:
  version "1.14.1"
  resolved "https://registry.yarnpkg.com/tslib/-/tslib-1.14.1.tgz#cf2d38bdc34a134bcaf1091c41f6619e2f672d00"
  integrity sha512-Xni35NKzjgMrwevysHTCArtLDpPvye8zV/0E4EyYn43P7/7qvQwPh9BGkHewbMulVntbigmcT7rdX3BNo9wRJg==
