# THIS IS AN AUTOGENERATED FILE. DO NOT EDIT THIS FILE DIRECTLY.
# yarn lockfile v1


"@sentry/browser@5.15.2":
  version "5.15.2"
  resolved "https://registry.yarnpkg.com/@sentry/browser/-/browser-5.15.2.tgz#8008a2d621ac0da7c8a06cb6e490376421d4b4a2"
  dependencies:
    "@sentry/core" "5.15.2"
    "@sentry/types" "5.15.2"
    "@sentry/utils" "5.15.2"
    tslib "^1.9.3"

"@sentry/core@5.15.2":
  version "5.15.2"
  resolved "https://registry.yarnpkg.com/@sentry/core/-/core-5.15.2.tgz#4f46ea3fcc48c58a1a4df41d48967c6595e79714"
  dependencies:
    "@sentry/hub" "5.15.2"
    "@sentry/minimal" "5.15.2"
    "@sentry/types" "5.15.2"
    "@sentry/utils" "5.15.2"
    tslib "^1.9.3"

"@sentry/hub@5.15.2":
  version "5.15.2"
  resolved "https://registry.yarnpkg.com/@sentry/hub/-/hub-5.15.2.tgz#92bdb71d962b6d3fa76822df667fdbb11ac6996f"
  dependencies:
    "@sentry/types" "5.15.2"
    "@sentry/utils" "5.15.2"
    tslib "^1.9.3"

"@sentry/minimal@5.15.2":
  version "5.15.2"
  resolved "https://registry.yarnpkg.com/@sentry/minimal/-/minimal-5.15.2.tgz#80530a3701930df0e8878cc683ad435f14eeb11b"
  dependencies:
    "@sentry/hub" "5.15.2"
    "@sentry/types" "5.15.2"
    tslib "^1.9.3"

"@sentry/types@5.15.2":
  version "5.15.2"
  resolved "https://registry.yarnpkg.com/@sentry/types/-/types-5.15.2.tgz#50a7620ae578bd291ca946c05dcfd7d835bb016b"

"@sentry/utils@5.15.2":
  version "5.15.2"
  resolved "https://registry.yarnpkg.com/@sentry/utils/-/utils-5.15.2.tgz#457745802172be35a576ad26bd5c521c55cbe1bb"
  dependencies:
    "@sentry/types" "5.15.2"
    tslib "^1.9.3"

tslib@^1.9.3:
  version "1.11.1"
  resolved "https://registry.yarnpkg.com/tslib/-/tslib-1.11.1.tgz#eb15d128827fbee2841549e171f45ed338ac7e35"
