# THIS IS AN AUTOGENERATED FILE. DO NOT EDIT THIS FILE DIRECTLY.
# yarn lockfile v1


"@sentry/integrations@6.3.6":
  version "6.3.6"
  resolved "https://registry.yarnpkg.com/@sentry/integrations/-/integrations-6.3.6.tgz#6ce226e04cba6029c414fb2638b7d04be6be4eb4"
  integrity sha512-LTW+/G3zHko/vPGix3na/5qslnI0RV5IhbQXju0qzgTSuW4YILviZnCnyH5Z5K6z4AwJM+w9uzL4vagVsbrl/Q==
  dependencies:
    "@sentry/types" "6.3.6"
    "@sentry/utils" "6.3.6"
    localforage "^1.8.1"
    tslib "^1.9.3"

"@sentry/types@6.3.6":
  version "6.3.6"
  resolved "https://registry.yarnpkg.com/@sentry/types/-/types-6.3.6.tgz#aa3687051af1dc04ebc4eaf7f9562872da67aa5c"
  integrity sha512-93cFJdJkWyCfyZeWFARSU11qnoHVOS/R2h5WIsEf+jbQmkqG2C+TXVz/19s6nHVsfDrwpvYpwALPv4/nrxfU7g==

"@sentry/utils@6.3.6":
  version "6.3.6"
  resolved "https://registry.yarnpkg.com/@sentry/utils/-/utils-6.3.6.tgz#6f619a525f2a94fa6b160500f63f4bd5bd171055"
  integrity sha512-HnYlDBf8Dq8MEv7AulH7B6R1D/2LAooVclGdjg48tSrr9g+31kmtj+SAj2WWVHP9+bp29BWaC7i5nkfKrOibWw==
  dependencies:
    "@sentry/types" "6.3.6"
    tslib "^1.9.3"

immediate@~3.0.5:
  version "3.0.6"
  resolved "https://registry.yarnpkg.com/immediate/-/immediate-3.0.6.tgz#9db1dbd0faf8de6fbe0f5dd5e56bb606280de69b"
  integrity sha1-nbHb0Pr43m++D13V5Wu2BigN5ps=

lie@3.1.1:
  version "3.1.1"
  resolved "https://registry.yarnpkg.com/lie/-/lie-3.1.1.tgz#9a436b2cc7746ca59de7a41fa469b3efb76bd87e"
  integrity sha1-mkNrLMd0bKWd56QfpGmz77dr2H4=
  dependencies:
    immediate "~3.0.5"

localforage@^1.8.1:
  version "1.9.0"
  resolved "https://registry.yarnpkg.com/localforage/-/localforage-1.9.0.tgz#f3e4d32a8300b362b4634cc4e066d9d00d2f09d1"
  integrity sha512-rR1oyNrKulpe+VM9cYmcFn6tsHuokyVHFaCM3+osEmxaHTbEk8oQu6eGDfS6DQLWi/N67XRmB8ECG37OES368g==
  dependencies:
    lie "3.1.1"

tslib@^1.9.3:
  version "1.14.1"
  resolved "https://registry.yarnpkg.com/tslib/-/tslib-1.14.1.tgz#cf2d38bdc34a134bcaf1091c41f6619e2f672d00"
  integrity sha512-Xni35NKzjgMrwevysHTCArtLDpPvye8zV/0E4EyYn43P7/7qvQwPh9BGkHewbMulVntbigmcT7rdX3BNo9wRJg==
