# THIS IS AN AUTOGENERATED FILE. DO NOT EDIT THIS FILE DIRECTLY.
# yarn lockfile v1


u2f-api@1.1.1:
  version "1.1.1"
  resolved "https://registry.yarnpkg.com/u2f-api/-/u2f-api-1.1.1.tgz#594f600ff7bb49e8bb03e9f533e1f7bfc95f2e0f"
  integrity sha512-tbmMBmg9eaFv+cdcBwja/hbpdXwcvBV0YSQh674nmP3HI0hNWcNAp9LRJ0jl9HGWLF7gF/3UKHzIxlXCW8j7kw==
