# THIS IS AN AUTOGENERATED FILE. DO NOT EDIT THIS FILE DIRECTLY.
# yarn lockfile v1


"@sentry/integrations@5.15.4":
  version "5.15.4"
  resolved "https://registry.yarnpkg.com/@sentry/integrations/-/integrations-5.15.4.tgz#c650ee5589d8234de7795b3e8f71c5d54603a103"
  dependencies:
    "@sentry/types" "5.15.4"
    "@sentry/utils" "5.15.4"
    tslib "^1.9.3"

"@sentry/types@5.15.4":
  version "5.15.4"
  resolved "https://registry.yarnpkg.com/@sentry/types/-/types-5.15.4.tgz#37f30e35b06e8e12ad1101f1beec3e9b88ca1aab"

"@sentry/utils@5.15.4":
  version "5.15.4"
  resolved "https://registry.yarnpkg.com/@sentry/utils/-/utils-5.15.4.tgz#02865ab3c9b745656cea0ab183767ec26c96f6e6"
  dependencies:
    "@sentry/types" "5.15.4"
    tslib "^1.9.3"

tslib@^1.9.3:
  version "1.11.1"
  resolved "https://registry.yarnpkg.com/tslib/-/tslib-1.11.1.tgz#eb15d128827fbee2841549e171f45ed338ac7e35"
